{
  "name": "cube-coach",
  "version": "0.1.0",
  "lockfileVersion": 3,
  "requires": true,
  "packages": {
    "": {
      "name": "cube-coach",
      "version": "0.1.0",
      "devDependencies": {
        "cstimer_module": "^0.1.5",
        "cube-solver": "^2.4.1"
      }
    },
    "node_modules/cstimer_module": {
      "version": "0.1.5",
      "resolved": "https://registry.npmmirror.com/cstimer_module/-/cstimer_module-0.1.5.tgz",
      "integrity": "sha512-5vAYZEnMOjk6iExR9b8eY6XzDpJoKP4HKCD0FhBKpNIzQoxj3foGEVjmQCZsgFU3nuAewTlP6ULcZxvqFyCDJg==",
      "dev": true
    },
    "node_modules/cube-solver": {
      "version": "2.4.1",
      "resolved": "https://registry.npmmirror.com/cube-solver/-/cube-solver-2.4.1.tgz",
      "integrity": "sha512-dDaCE0F4y3VTnh/vzvjV5Li154zLQQJ8tVUKEsWvy8g3Fuq4hf3Z0+cNlBiFq6hhrXNHJ6+deRJwQBV2oUzkDg==",
      "dev": true
    }
  }
}
